
Microsoft Visual Studio Solution File, Format Version 12.00
# Visual Studio Version 16
VisualStudioVersion = 16.0.31019.35
MinimumVisualStudioVersion = 10.0.40219.1
Project("{FAE04EC0-301F-11D3-BF4B-00C04F79EFBC}") = "SQL Test", "SQL Test\SQL Test.csproj", "{2970BF0F-1A80-4718-8151-56F72D1D7E61}"
EndProject
Global
	GlobalSection(SolutionConfigurationPlatforms) = preSolution
		Debug|Any CPU = Debug|Any CPU
		Release|Any CPU = Release|Any CPU
	EndGlobalSection
	GlobalSection(ProjectConfigurationPlatforms) = postSolution
		{2970BF0F-1A80-4718-8151-56F72D1D7E61}.Debug|Any CPU.ActiveCfg = Debug|Any CPU
		{2970BF0F-1A80-4718-8151-56F72D1D7E61}.Debug|Any CPU.Build.0 = Debug|Any CPU
		{2970BF0F-1A80-4718-8151-56F72D1D7E61}.Release|Any CPU.ActiveCfg = Release|Any CPU
		{2970BF0F-1A80-4718-8151-56F72D1D7E61}.Release|Any CPU.Build.0 = Release|Any CPU
	EndGlobalSection
	GlobalSection(SolutionProperties) = preSolution
		HideSolutionNode = FALSE
	EndGlobalSection
	GlobalSection(ExtensibilityGlobals) = postSolution
		SolutionGuid = {87D4FFC4-B6E6-4B55-8F22-5F6F6E2199F0}
	EndGlobalSection
EndGlobal
